
Microsoft Visual Studio Solution File, Format Version 12.00
# Visual Studio 15
VisualStudioVersion = 15.0.27428.1
MinimumVisualStudioVersion = 10.0.40219.1
Project("{FAE04EC0-301F-11D3-BF4B-00C04F79EFBC}") = "MonophonicSequencer", "MonophonicSequencer\MonophonicSequencer.csproj", "{E79394DA-0F88-4F8E-939E-2FAC616605B8}"
EndProject
Project("{2150E333-8FDC-42A3-9474-1A3956D46DE8}") = "Solution Items", "Solution Items", "{5EE387D6-ECAB-4D4B-9CD9-971CA00CF32D}"
	ProjectSection(SolutionItems) = preProject
		README.md = README.md
	EndProjectSection
EndProject
Global
	GlobalSection(SolutionConfigurationPlatforms) = preSolution
		Debug|Any CPU = Debug|Any CPU
		Release|Any CPU = Release|Any CPU
	EndGlobalSection
	GlobalSection(ProjectConfigurationPlatforms) = postSolution
		{E79394DA-0F88-4F8E-939E-2FAC616605B8}.Debug|Any CPU.ActiveCfg = Debug|Any CPU
		{E79394DA-0F88-4F8E-939E-2FAC616605B8}.Debug|Any CPU.Build.0 = Debug|Any CPU
		{E79394DA-0F88-4F8E-939E-2FAC616605B8}.Release|Any CPU.ActiveCfg = Release|Any CPU
		{E79394DA-0F88-4F8E-939E-2FAC616605B8}.Release|Any CPU.Build.0 = Release|Any CPU
	EndGlobalSection
	GlobalSection(SolutionProperties) = preSolution
		HideSolutionNode = FALSE
	EndGlobalSection
	GlobalSection(ExtensibilityGlobals) = postSolution
		SolutionGuid = {A0540E20-A7C7-4156-91BD-60F74A2E3657}
	EndGlobalSection
EndGlobal
